
Microsoft Visual Studio Solution File, Format Version 12.00
# Visual Studio 15
VisualStudioVersion = 15.0.27703.1
MinimumVisualStudioVersion = 10.0.40219.1
Project("{FAE04EC0-301F-11D3-BF4B-00C04F79EFBC}") = "Snake", "Snake\Snake.csproj", "{670444E5-B4E8-40AC-A8AC-057EFB16132B}"
EndProject
Global
	GlobalSection(SolutionConfigurationPlatforms) = preSolution
		Debug|Any CPU = Debug|Any CPU
		Release|Any CPU = Release|Any CPU
	EndGlobalSection
	GlobalSection(ProjectConfigurationPlatforms) = postSolution
		{670444E5-B4E8-40AC-A8AC-057EFB16132B}.Debug|Any CPU.ActiveCfg = Debug|Any CPU
		{670444E5-B4E8-40AC-A8AC-057EFB16132B}.Debug|Any CPU.Build.0 = Debug|Any CPU
		{670444E5-B4E8-40AC-A8AC-057EFB16132B}.Release|Any CPU.ActiveCfg = Release|Any CPU
		{670444E5-B4E8-40AC-A8AC-057EFB16132B}.Release|Any CPU.Build.0 = Release|Any CPU
	EndGlobalSection
	GlobalSection(SolutionProperties) = preSolution
		HideSolutionNode = FALSE
	EndGlobalSection
	GlobalSection(ExtensibilityGlobals) = postSolution
		SolutionGuid = {FFE20434-A390-4728-8E41-1E244DEA583B}
	EndGlobalSection
EndGlobal
